// !$*UTF8*$!
{
	archiveVersion = 1;
	classes = {
	};
	objectVersion = 48;
	objects = {

/* Begin PBXBuildFile section */
		07055064207CDE81002188BD /* AppDelegate.swift in Sources */ = {isa = PBXBuildFile; fileRef = 07055063207CDE81002188BD /* AppDelegate.swift */; };
		07055066207CDE81002188BD /* ViewController.swift in Sources */ = {isa = PBXBuildFile; fileRef = 07055065207CDE81002188BD /* ViewController.swift */; };
		07055069207CDE81002188BD /* Main.storyboard in Resources */ = {isa = PBXBuildFile; fileRef = 07055067207CDE81002188BD /* Main.storyboard */; };
		0705506B207CDE81002188BD /* Assets.xcassets in Resources */ = {isa = PBXBuildFile; fileRef = 0705506A207CDE81002188BD /* Assets.xcassets */; };
		0705506E207CDE81002188BD /* LaunchScreen.storyboard in Resources */ = {isa = PBXBuildFile; fileRef = 0705506C207CDE81002188BD /* LaunchScreen.storyboard */; };
		07055076207CE83F002188BD /* ExplosaoViewController.swift in Sources */ = {isa = PBXBuildFile; fileRef = 07055075207CE83F002188BD /* ExplosaoViewController.swift */; };
/* End PBXBuildFile section */

/* Begin PBXFileReference section */
		07055060207CDE81002188BD /* AppWithouProgramming.app */ = {isa = PBXFileReference; explicitFileType = wrapper.application; includeInIndex = 0; path = AppWithouProgramming.app; sourceTree = BUILT_PRODUCTS_DIR; };
		07055063207CDE81002188BD /* AppDelegate.swift */ = {isa = PBXFileReference; lastKnownFileType = sourcecode.swift; path = AppDelegate.swift; sourceTree = "<group>"; };
		07055065207CDE81002188BD /* ViewController.swift */ = {isa = PBXFileReference; lastKnownFileType = sourcecode.swift; path = ViewController.swift; sourceTree = "<group>"; };
		07055068207CDE81002188BD /* Base */ = {isa = PBXFileReference; lastKnownFileType = file.storyboard; name = Base; path = Base.lproj/Main.storyboard; sourceTree = "<group>"; };
		0705506A207CDE81002188BD /* Assets.xcassets */ = {isa = PBXFileReference; lastKnownFileType = folder.assetcatalog; path = Assets.xcassets; sourceTree = "<group>"; };
		0705506D207CDE81002188BD /* Base */ = {isa = PBXFileReference; lastKnownFileType = file.storyboard; name = Base; path = Base.lproj/LaunchScreen.storyboard; sourceTree = "<group>"; };
		0705506F207CDE81002188BD /* Info.plist */ = {isa = PBXFileReference; lastKnownFileType = text.plist.xml; path = Info.plist; sourceTree = "<group>"; };
		07055075207CE83F002188BD /* ExplosaoViewController.swift */ = {isa = PBXFileReference; lastKnownFileType = sourcecode.swift; path = ExplosaoViewController.swift; sourceTree = "<group>"; };
/* End PBXFileReference section */

/* Begin PBXFrameworksBuildPhase section */
		0705505D207CDE81002188BD /* Frameworks */ = {
			isa = PBXFrameworksBuildPhase;
			buildActionMask = 2147483647;
			files = (
			);
			runOnlyForDeploymentPostprocessing = 0;
		};
/* End PBXFrameworksBuildPhase section */

/* Begin PBXGroup section */
		07055057207CDE81002188BD = {
			isa = PBXGroup;
			children = (
				07055062207CDE81002188BD /* AppWithouProgramming */,
				07055061207CDE81002188BD /* Products */,
			);
			sourceTree = "<group>";
		};
		07055061207CDE81002188BD /* Products */ = {
			isa = PBXGroup;
			children = (
				07055060207CDE81002188BD /* AppWithouProgramming.app */,
			);
			name = Products;
			sourceTree = "<group>";
		};
		07055062207CDE81002188BD /* AppWithouProgramming */ = {
			isa = PBXGroup;
			children = (
				07055063207CDE81002188BD /* AppDelegate.swift */,
				07055075207CE83F002188BD /* ExplosaoViewController.swift */,
				07055065207CDE81002188BD /* ViewController.swift */,
				07055067207CDE81002188BD /* Main.storyboard */,
				0705506A207CDE81002188BD /* Assets.xcassets */,
				0705506C207CDE81002188BD /* LaunchScreen.storyboard */,
				0705506F207CDE81002188BD /* Info.plist */,
			);
			path = AppWithouProgramming;
			sourceTree = "<group>";
		};
/* End PBXGroup section */

/* Begin PBXNativeTarget section */
		0705505F207CDE81002188BD /* AppWithouProgramming */ = {
			isa = PBXNativeTarget;
			buildConfigurationList = 07055072207CDE82002188BD /* Build configuration list for PBXNativeTarget "AppWithouProgramming" */;
			buildPhases = (
				0705505C207CDE81002188BD /* Sources */,
				0705505D207CDE81002188BD /* Frameworks */,
				0705505E207CDE81002188BD /* Resources */,
			);
			buildRules = (
			);
			dependencies = (
			);
			name = AppWithouProgramming;
			productName = AppWithouProgramming;
			productReference = 07055060207CDE81002188BD /* AppWithouProgramming.app */;
			productType = "com.apple.product-type.application";
		};
/* End PBXNativeTarget section */

/* Begin PBXProject section */
		07055058207CDE81002188BD /* Project object */ = {
			isa = PBXProject;
			attributes = {
				LastSwiftUpdateCheck = 0910;
				LastUpgradeCheck = 0910;
				ORGANIZATIONNAME = Israel3D;
				TargetAttributes = {
					0705505F207CDE81002188BD = {
						CreatedOnToolsVersion = 9.1;
						ProvisioningStyle = Automatic;
					};
				};
			};
			buildConfigurationList = 0705505B207CDE81002188BD /* Build configuration list for PBXProject "AppWithouProgramming" */;
			compatibilityVersion = "Xcode 8.0";
			developmentRegion = en;
			hasScannedForEncodings = 0;
			knownRegions = (
				en,
				Base,
			);
			mainGroup = 07055057207CDE81002188BD;
			productRefGroup = 07055061207CDE81002188BD /* Products */;
			projectDirPath = "";
			projectRoot = "";
			targets = (
				0705505F207CDE81002188BD /* AppWithouProgramming */,
			);
		};
/* End PBXProject section */

/* Begin PBXResourcesBuildPhase section */
		0705505E207CDE81002188BD /* Resources */ = {
			isa = PBXResourcesBuildPhase;
			buildActionMask = 2147483647;
			files = (
				0705506E207CDE81002188BD /* LaunchScreen.storyboard in Resources */,
				0705506B207CDE81002188BD /* Assets.xcassets in Resources */,
				07055069207CDE81002188BD /* Main.storyboard in Resources */,
			);
			runOnlyForDeploymentPostprocessing = 0;
		};
/* End PBXResourcesBuildPhase section */

/* Begin PBXSourcesBuildPhase section */
		0705505C207CDE81002188BD /* Sources */ = {
			isa = PBXSourcesBuildPhase;
			buildActionMask = 2147483647;
			files = (
				07055066207CDE81002188BD /* ViewController.swift in Sources */,
				07055076207CE83F002188BD /* ExplosaoViewController.swift in Sources */,
				07055064207CDE81002188BD /* AppDelegate.swift in Sources */,
			);
			runOnlyForDeploymentPostprocessing = 0;
		};
/* End PBXSourcesBuildPhase section */

/* Begin PBXVariantGroup section */
		07055067207CDE81002188BD /* Main.storyboard */ = {
			isa = PBXVariantGroup;
			children = (
				07055068207CDE81002188BD /* Base */,
			);
			name = Main.storyboard;
			sourceTree = "<group>";
		};
		0705506C207CDE81002188BD /* LaunchScreen.storyboard */ = {
			isa = PBXVariantGroup;
			children = (
				0705506D207CDE81002188BD /* Base */,
			);
			name = LaunchScreen.storyboard;
			sourceTree = "<group>";
		};
/* End PBXVariantGroup section */

/* Begin XCBuildConfiguration section */
		07055070207CDE81002188BD /* Debug */ = {
			isa = XCBuildConfiguration;
			buildSettings = {
				ALWAYS_SEARCH_USER_PATHS = NO;
				CLANG_ANALYZER_NONNULL = YES;
				CLANG_ANALYZER_NUMBER_OBJECT_CONVERSION = YES_AGGRESSIVE;
				CLANG_CXX_LANGUAGE_STANDARD = "gnu++14";
				CLANG_CXX_LIBRARY = "libc++";
				CLANG_ENABLE_MODULES = YES;
				CLANG_ENABLE_OBJC_ARC = YES;
				CLANG_WARN_BLOCK_CAPTURE_AUTORELEASING = YES;
				CLANG_WARN_BOOL_CONVERSION = YES;
				CLANG_WARN_COMMA = YES;
				CLANG_WARN_CONSTANT_CONVERSION = YES;
				CLANG_WARN_DIRECT_OBJC_ISA_USAGE = YES_ERROR;
				CLANG_WARN_DOCUMENTATION_COMMENTS = YES;
				CLANG_WARN_EMPTY_BODY = YES;
				CLANG_WARN_ENUM_CONVERSION = YES;
				CLANG_WARN_INFINITE_RECURSION = YES;
				CLANG_WARN_INT_CONVERSION = YES;
				CLANG_WARN_NON_LITERAL_NULL_CONVERSION = YES;
				CLANG_WARN_OBJC_LITERAL_CONVERSION = YES;
				CLANG_WARN_OBJC_ROOT_CLASS = YES_ERROR;
				CLANG_WARN_RANGE_LOOP_ANALYSIS = YES;
				CLANG_WARN_STRICT_PROTOTYPES = YES;
				CLANG_WARN_SUSPICIOUS_MOVE = YES;
				CLANG_WARN_UNGUARDED_AVAILABILITY = YES_AGGRESSIVE;
				CLANG_WARN_UNREACHABLE_CODE = YES;
				CLANG_WARN__DUPLICATE_METHOD_MATCH = YES;
				CODE_SIGN_IDENTITY = "iPhone Developer";
				COPY_PHASE_STRIP = NO;
				DEBUG_INFORMATION_FORMAT = dwarf;
				ENABLE_STRICT_OBJC_MSGSEND = YES;
				ENABLE_TESTABILITY = YES;
				GCC_C_LANGUAGE_STANDARD = gnu11;
				GCC_DYNAMIC_NO_PIC = NO;
				GCC_NO_COMMON_BLOCKS = YES;
				GCC_OPTIMIZATION_LEVEL = 0;
				GCC_PREPROCESSOR_DEFINITIONS = (
					"DEBUG=1",
					"$(inherited)",
				);
				GCC_WARN_64_TO_32_BIT_CONVERSION = YES;
				GCC_WARN_ABOUT_RETURN_TYPE = YES_ERROR;
				GCC_WARN_UNDECLARED_SELECTOR = YES;
				GCC_WARN_UNINITIALIZED_AUTOS = YES_AGGRESSIVE;
				GCC_WARN_UNUSED_FUNCTION = YES;
				GCC_WARN_UNUSED_VARIABLE = YES;
				IPHONEOS_DEPLOYMENT_TARGET = 11.1;
				MTL_ENABLE_DEBUG_INFO = YES;
				ONLY_ACTIVE_ARCH = YES;
				SDKROOT = iphoneos;
				SWIFT_ACTIVE_COMPILATION_CONDITIONS = DEBUG;
				SWIFT_OPTIMIZATION_LEVEL = "-Onone";
			};
			name = Debug;
		};
		07055071207CDE81002188BD /* Release */ = {
			isa = XCBuildConfiguration;
			buildSettings = {
				ALWAYS_SEARCH_USER_PATHS = NO;
				CLANG_ANALYZER_NONNULL = YES;
				CLANG_ANALYZER_NUMBER_OBJECT_CONVERSION = YES_AGGRESSIVE;
				CLANG_CXX_LANGUAGE_STANDARD = "gnu++14";
				CLANG_CXX_LIBRARY = "libc++";
				CLANG_ENABLE_MODULES = YES;
				CLANG_ENABLE_OBJC_ARC = YES;
				CLANG_WARN_BLOCK_CAPTURE_AUTORELEASING = YES;
				CLANG_WARN_BOOL_CONVERSION = YES;
				CLANG_WARN_COMMA = YES;
				CLANG_WARN_CONSTANT_CONVERSION = YES;
				CLANG_WARN_DIRECT_OBJC_ISA_USAGE = YES_ERROR;
				CLANG_WARN_DOCUMENTATION_COMMENTS = YES;
				CLANG_WARN_EMPTY_BODY = YES;
				CLANG_WARN_ENUM_CONVERSION = YES;
				CLANG_WARN_INFINITE_RECURSION = YES;
				CLANG_WARN_INT_CONVERSION = YES;
				CLANG_WARN_NON_LITERAL_NULL_CONVERSION = YES;
				CLANG_WARN_OBJC_LITERAL_CONVERSION = YES;
				CLANG_WARN_OBJC_ROOT_CLASS = YES_ERROR;
				CLANG_WARN_RANGE_LOOP_ANALYSIS = YES;
				CLANG_WARN_STRICT_PROTOTYPES = YES;
				CLANG_WARN_SUSPICIOUS_MOVE = YES;
				CLANG_WARN_UNGUARDED_AVAILABILITY = YES_AGGRESSIVE;
				CLANG_WARN_UNREACHABLE_CODE = YES;
				CLANG_WARN__DUPLICATE_METHOD_MATCH = YES;
				CODE_SIGN_IDENTITY = "iPhone Developer";
				COPY_PHASE_STRIP = NO;
				DEBUG_INFORMATION_FORMAT = "dwarf-with-dsym";
				ENABLE_NS_ASSERTIONS = NO;
				ENABLE_STRICT_OBJC_MSGSEND = YES;
				GCC_C_LANGUAGE_STANDARD = gnu11;
				GCC_NO_COMMON_BLOCKS = YES;
				GCC_WARN_64_TO_32_BIT_CONVERSION = YES;
				GCC_WARN_ABOUT_RETURN_TYPE = YES_ERROR;
				GCC_WARN_UNDECLARED_SELECTOR = YES;
				GCC_WARN_UNINITIALIZED_AUTOS = YES_AGGRESSIVE;
				GCC_WARN_UNUSED_FUNCTION = YES;
				GCC_WARN_UNUSED_VARIABLE = YES;
				IPHONEOS_DEPLOYMENT_TARGET = 11.1;
				MTL_ENABLE_DEBUG_INFO = NO;
				SDKROOT = iphoneos;
				SWIFT_OPTIMIZATION_LEVEL = "-Owholemodule";
				VALIDATE_PRODUCT = YES;
			};
			name = Release;
		};
		07055073207CDE82002188BD /* Debug */ = {
			isa = XCBuildConfiguration;
			buildSettings = {
				ASSETCATALOG_COMPILER_APPICON_NAME = AppIcon;
				CODE_SIGN_STYLE = Automatic;
				DEVELOPMENT_TEAM = FPH78JW9WA;
				INFOPLIST_FILE = AppWithouProgramming/Info.plist;
				LD_RUNPATH_SEARCH_PATHS = "$(inherited) @executable_path/Frameworks";
				PRODUCT_BUNDLE_IDENTIFIER = israel3D.AppWithouProgramming;
				PRODUCT_NAME = "$(TARGET_NAME)";
				SWIFT_VERSION = 4.0;
				TARGETED_DEVICE_FAMILY = "1,2";
			};
			name = Debug;
		};
		07055074207CDE82002188BD /* Release */ = {
			isa = XCBuildConfiguration;
			buildSettings = {
				ASSETCATALOG_COMPILER_APPICON_NAME = AppIcon;
				CODE_SIGN_STYLE = Automatic;
				DEVELOPMENT_TEAM = FPH78JW9WA;
				INFOPLIST_FILE = AppWithouProgramming/Info.plist;
				LD_RUNPATH_SEARCH_PATHS = "$(inherited) @executable_path/Frameworks";
				PRODUCT_BUNDLE_IDENTIFIER = israel3D.AppWithouProgramming;
				PRODUCT_NAME = "$(TARGET_NAME)";
				SWIFT_VERSION = 4.0;
				TARGETED_DEVICE_FAMILY = "1,2";
			};
			name = Release;
		};
/* End XCBuildConfiguration section */

/* Begin XCConfigurationList section */
		0705505B207CDE81002188BD /* Build configuration list for PBXProject "AppWithouProgramming" */ = {
			isa = XCConfigurationList;
			buildConfigurations = (
				07055070207CDE81002188BD /* Debug */,
				07055071207CDE81002188BD /* Release */,
			);
			defaultConfigurationIsVisible = 0;
			defaultConfigurationName = Release;
		};
		07055072207CDE82002188BD /* Build configuration list for PBXNativeTarget "AppWithouProgramming" */ = {
			isa = XCConfigurationList;
			buildConfigurations = (
				07055073207CDE82002188BD /* Debug */,
				07055074207CDE82002188BD /* Release */,
			);
			defaultConfigurationIsVisible = 0;
			defaultConfigurationName = Release;
		};
/* End XCConfigurationList section */
	};
	rootObject = 07055058207CDE81002188BD /* Project object */;
}
